
Microsoft Visual Studio Solution File, Format Version 12.00
# Visual Studio Version 17
VisualStudioVersion = 17.4.33205.214
MinimumVisualStudioVersion = 10.0.40219.1
Project("{FAE04EC0-301F-11D3-BF4B-00C04F79EFBC}") = "EstructuraDeDatosEjercicio5", "EstructuraDeDatosEjercicio5\EstructuraDeDatosEjercicio5.csproj", "{FF0E7556-DC36-4ED9-A1B4-7CC1A8DEC02B}"
EndProject
Global
	GlobalSection(SolutionConfigurationPlatforms) = preSolution
		Debug|Any CPU = Debug|Any CPU
		Release|Any CPU = Release|Any CPU
	EndGlobalSection
	GlobalSection(ProjectConfigurationPlatforms) = postSolution
		{FF0E7556-DC36-4ED9-A1B4-7CC1A8DEC02B}.Debug|Any CPU.ActiveCfg = Debug|Any CPU
		{FF0E7556-DC36-4ED9-A1B4-7CC1A8DEC02B}.Debug|Any CPU.Build.0 = Debug|Any CPU
		{FF0E7556-DC36-4ED9-A1B4-7CC1A8DEC02B}.Release|Any CPU.ActiveCfg = Release|Any CPU
		{FF0E7556-DC36-4ED9-A1B4-7CC1A8DEC02B}.Release|Any CPU.Build.0 = Release|Any CPU
	EndGlobalSection
	GlobalSection(SolutionProperties) = preSolution
		HideSolutionNode = FALSE
	EndGlobalSection
	GlobalSection(ExtensibilityGlobals) = postSolution
		SolutionGuid = {E5044DAB-625C-4282-9353-F2FFFFFEED09}
	EndGlobalSection
EndGlobal
